
Microsoft Visual Studio Solution File, Format Version 12.00
# Visual Studio Version 17
VisualStudioVersion = 17.0.32112.339
MinimumVisualStudioVersion = 10.0.40219.1
Project("{9A19103F-16F7-4668-BE54-9A1E7A4F7556}") = "DALC", "..\DALC\DALC.csproj", "{59968FC2-F927-4A50-84BA-825B37CB7A4D}"
EndProject
Project("{9A19103F-16F7-4668-BE54-9A1E7A4F7556}") = "BLC", "..\BLC\BLC.csproj", "{63481DF6-421A-4157-A1C9-F708B3E6E851}"
EndProject
Project("{9A19103F-16F7-4668-BE54-9A1E7A4F7556}") = "WebAPI", "..\WebAPI\WebAPI.csproj", "{FEE0259F-3C44-46E6-AA26-45652C52F3E7}"
EndProject
Project("{9A19103F-16F7-4668-BE54-9A1E7A4F7556}") = "IDALC", "..\IDALC\IDALC.csproj", "{62FF7632-E3B5-43C5-B867-DAF7D671D459}"
EndProject
Project("{9A19103F-16F7-4668-BE54-9A1E7A4F7556}") = "Entities", "..\Entities\Entities.csproj", "{660DED7C-BAD1-4F3D-B54B-C44B27B96278}"
EndProject
Global
	GlobalSection(SolutionConfigurationPlatforms) = preSolution
		Debug|Any CPU = Debug|Any CPU
		Release|Any CPU = Release|Any CPU
	EndGlobalSection
	GlobalSection(ProjectConfigurationPlatforms) = postSolution
		{59968FC2-F927-4A50-84BA-825B37CB7A4D}.Debug|Any CPU.ActiveCfg = Debug|Any CPU
		{59968FC2-F927-4A50-84BA-825B37CB7A4D}.Debug|Any CPU.Build.0 = Debug|Any CPU
		{59968FC2-F927-4A50-84BA-825B37CB7A4D}.Release|Any CPU.ActiveCfg = Release|Any CPU
		{59968FC2-F927-4A50-84BA-825B37CB7A4D}.Release|Any CPU.Build.0 = Release|Any CPU
		{63481DF6-421A-4157-A1C9-F708B3E6E851}.Debug|Any CPU.ActiveCfg = Debug|Any CPU
		{63481DF6-421A-4157-A1C9-F708B3E6E851}.Debug|Any CPU.Build.0 = Debug|Any CPU
		{63481DF6-421A-4157-A1C9-F708B3E6E851}.Release|Any CPU.ActiveCfg = Release|Any CPU
		{63481DF6-421A-4157-A1C9-F708B3E6E851}.Release|Any CPU.Build.0 = Release|Any CPU
		{FEE0259F-3C44-46E6-AA26-45652C52F3E7}.Debug|Any CPU.ActiveCfg = Debug|Any CPU
		{FEE0259F-3C44-46E6-AA26-45652C52F3E7}.Debug|Any CPU.Build.0 = Debug|Any CPU
		{FEE0259F-3C44-46E6-AA26-45652C52F3E7}.Release|Any CPU.ActiveCfg = Release|Any CPU
		{FEE0259F-3C44-46E6-AA26-45652C52F3E7}.Release|Any CPU.Build.0 = Release|Any CPU
		{62FF7632-E3B5-43C5-B867-DAF7D671D459}.Debug|Any CPU.ActiveCfg = Debug|Any CPU
		{62FF7632-E3B5-43C5-B867-DAF7D671D459}.Debug|Any CPU.Build.0 = Debug|Any CPU
		{62FF7632-E3B5-43C5-B867-DAF7D671D459}.Release|Any CPU.ActiveCfg = Release|Any CPU
		{62FF7632-E3B5-43C5-B867-DAF7D671D459}.Release|Any CPU.Build.0 = Release|Any CPU
		{660DED7C-BAD1-4F3D-B54B-C44B27B96278}.Debug|Any CPU.ActiveCfg = Debug|Any CPU
		{660DED7C-BAD1-4F3D-B54B-C44B27B96278}.Debug|Any CPU.Build.0 = Debug|Any CPU
		{660DED7C-BAD1-4F3D-B54B-C44B27B96278}.Release|Any CPU.ActiveCfg = Release|Any CPU
		{660DED7C-BAD1-4F3D-B54B-C44B27B96278}.Release|Any CPU.Build.0 = Release|Any CPU
	EndGlobalSection
	GlobalSection(SolutionProperties) = preSolution
		HideSolutionNode = FALSE
	EndGlobalSection
	GlobalSection(ExtensibilityGlobals) = postSolution
		SolutionGuid = {65DBF99D-BF66-46D6-BA34-E2C3AB3B6DE8}
	EndGlobalSection
EndGlobal
